// !$*UTF8*$!
{
	archiveVersion = 1;
	classes = {
	};
	objectVersion = 55;
	objects = {

/* Begin PBXBuildFile section */
		EBBB53D129086E46008FC99F /* Star_Wars_InspoApp.swift in Sources */ = {isa = PBXBuildFile; fileRef = EBBB53D029086E46008FC99F /* Star_Wars_InspoApp.swift */; };
		EBBB53D329086E46008FC99F /* ContentView.swift in Sources */ = {isa = PBXBuildFile; fileRef = EBBB53D229086E46008FC99F /* ContentView.swift */; };
		EBBB53D529086E49008FC99F /* Assets.xcassets in Resources */ = {isa = PBXBuildFile; fileRef = EBBB53D429086E49008FC99F /* Assets.xcassets */; };
		EBBB53D829086E49008FC99F /* Preview Assets.xcassets in Resources */ = {isa = PBXBuildFile; fileRef = EBBB53D729086E49008FC99F /* Preview Assets.xcassets */; };
		EBBB53DF29086F5F008FC99F /* Database.json in Resources */ = {isa = PBXBuildFile; fileRef = EBBB53DE29086F5F008FC99F /* Database.json */; };
		EBBB53E329088E3F008FC99F /* SlidesModel.swift in Sources */ = {isa = PBXBuildFile; fileRef = EBBB53E229088E3F008FC99F /* SlidesModel.swift */; };
		EBBB53EB29089ECA008FC99F /* DataManager.swift in Sources */ = {isa = PBXBuildFile; fileRef = EBBB53EA29089ECA008FC99F /* DataManager.swift */; };
		EBBB53EF2908BE3E008FC99F /* README.md in Resources */ = {isa = PBXBuildFile; fileRef = EBBB53EE2908BE3E008FC99F /* README.md */; };
		EBBB53F12909A5B0008FC99F /* NetworkManager.swift in Sources */ = {isa = PBXBuildFile; fileRef = EBBB53F02909A5B0008FC99F /* NetworkManager.swift */; };
		EBBB53F52909AAE2008FC99F /* imgModel.swift in Sources */ = {isa = PBXBuildFile; fileRef = EBBB53F42909AAE2008FC99F /* imgModel.swift */; };
		EBBB53F7290A2E5F008FC99F /* Config.xcconfig in Resources */ = {isa = PBXBuildFile; fileRef = EBBB53F6290A2E5E008FC99F /* Config.xcconfig */; };
		EBBB53FA290B67BF008FC99F /* SlidesViewModel.swift in Sources */ = {isa = PBXBuildFile; fileRef = EBBB53F9290B67BF008FC99F /* SlidesViewModel.swift */; };
		EBDF6087290C4EE200661036 /* URLImageModel.swift in Sources */ = {isa = PBXBuildFile; fileRef = EBDF6086290C4EE200661036 /* URLImageModel.swift */; };
/* End PBXBuildFile section */

/* Begin PBXFileReference section */
		EBBB53CD29086E46008FC99F /* Star Wars Inspo.app */ = {isa = PBXFileReference; explicitFileType = wrapper.application; includeInIndex = 0; path = "Star Wars Inspo.app"; sourceTree = BUILT_PRODUCTS_DIR; };
		EBBB53D029086E46008FC99F /* Star_Wars_InspoApp.swift */ = {isa = PBXFileReference; lastKnownFileType = sourcecode.swift; path = Star_Wars_InspoApp.swift; sourceTree = "<group>"; };
		EBBB53D229086E46008FC99F /* ContentView.swift */ = {isa = PBXFileReference; lastKnownFileType = sourcecode.swift; path = ContentView.swift; sourceTree = "<group>"; };
		EBBB53D429086E49008FC99F /* Assets.xcassets */ = {isa = PBXFileReference; lastKnownFileType = folder.assetcatalog; path = Assets.xcassets; sourceTree = "<group>"; };
		EBBB53D729086E49008FC99F /* Preview Assets.xcassets */ = {isa = PBXFileReference; lastKnownFileType = folder.assetcatalog; path = "Preview Assets.xcassets"; sourceTree = "<group>"; };
		EBBB53DE29086F5F008FC99F /* Database.json */ = {isa = PBXFileReference; lastKnownFileType = text.json; path = Database.json; sourceTree = "<group>"; };
		EBBB53E229088E3F008FC99F /* SlidesModel.swift */ = {isa = PBXFileReference; lastKnownFileType = sourcecode.swift; path = SlidesModel.swift; sourceTree = "<group>"; };
		EBBB53EA29089ECA008FC99F /* DataManager.swift */ = {isa = PBXFileReference; lastKnownFileType = sourcecode.swift; path = DataManager.swift; sourceTree = "<group>"; };
		EBBB53EE2908BE3E008FC99F /* README.md */ = {isa = PBXFileReference; lastKnownFileType = net.daringfireball.markdown; path = README.md; sourceTree = "<group>"; };
		EBBB53F02909A5B0008FC99F /* NetworkManager.swift */ = {isa = PBXFileReference; lastKnownFileType = sourcecode.swift; path = NetworkManager.swift; sourceTree = "<group>"; };
		EBBB53F42909AAE2008FC99F /* imgModel.swift */ = {isa = PBXFileReference; lastKnownFileType = sourcecode.swift; path = imgModel.swift; sourceTree = "<group>"; };
		EBBB53F6290A2E5E008FC99F /* Config.xcconfig */ = {isa = PBXFileReference; lastKnownFileType = text.xcconfig; path = Config.xcconfig; sourceTree = "<group>"; };
		EBBB53F8290A3272008FC99F /* Star-Wars-Inspo-Info.plist */ = {isa = PBXFileReference; lastKnownFileType = text.plist; path = "Star-Wars-Inspo-Info.plist"; sourceTree = SOURCE_ROOT; };
		EBBB53F9290B67BF008FC99F /* SlidesViewModel.swift */ = {isa = PBXFileReference; lastKnownFileType = sourcecode.swift; path = SlidesViewModel.swift; sourceTree = "<group>"; };
		EBDF6086290C4EE200661036 /* URLImageModel.swift */ = {isa = PBXFileReference; lastKnownFileType = sourcecode.swift; path = URLImageModel.swift; sourceTree = "<group>"; };
/* End PBXFileReference section */

/* Begin PBXFrameworksBuildPhase section */
		EBBB53CA29086E46008FC99F /* Frameworks */ = {
			isa = PBXFrameworksBuildPhase;
			buildActionMask = 2147483647;
			files = (
			);
			runOnlyForDeploymentPostprocessing = 0;
		};
/* End PBXFrameworksBuildPhase section */

/* Begin PBXGroup section */
		EBBB53C429086E46008FC99F = {
			isa = PBXGroup;
			children = (
				EBBB53F6290A2E5E008FC99F /* Config.xcconfig */,
				EBBB53EE2908BE3E008FC99F /* README.md */,
				EBBB53CF29086E46008FC99F /* Star Wars Inspo */,
				EBBB53CE29086E46008FC99F /* Products */,
			);
			sourceTree = "<group>";
		};
		EBBB53CE29086E46008FC99F /* Products */ = {
			isa = PBXGroup;
			children = (
				EBBB53CD29086E46008FC99F /* Star Wars Inspo.app */,
			);
			name = Products;
			sourceTree = "<group>";
		};
		EBBB53CF29086E46008FC99F /* Star Wars Inspo */ = {
			isa = PBXGroup;
			children = (
				EBBB53F8290A3272008FC99F /* Star-Wars-Inspo-Info.plist */,
				EBBB53D029086E46008FC99F /* Star_Wars_InspoApp.swift */,
				EBBB53D229086E46008FC99F /* ContentView.swift */,
				EBBB53D429086E49008FC99F /* Assets.xcassets */,
				EBBB53D629086E49008FC99F /* Preview Content */,
				EBBB53DE29086F5F008FC99F /* Database.json */,
				EBBB53E229088E3F008FC99F /* SlidesModel.swift */,
				EBBB53EA29089ECA008FC99F /* DataManager.swift */,
				EBBB53F02909A5B0008FC99F /* NetworkManager.swift */,
				EBBB53F42909AAE2008FC99F /* imgModel.swift */,
				EBBB53F9290B67BF008FC99F /* SlidesViewModel.swift */,
				EBDF6086290C4EE200661036 /* URLImageModel.swift */,
			);
			path = "Star Wars Inspo";
			sourceTree = "<group>";
		};
		EBBB53D629086E49008FC99F /* Preview Content */ = {
			isa = PBXGroup;
			children = (
				EBBB53D729086E49008FC99F /* Preview Assets.xcassets */,
			);
			path = "Preview Content";
			sourceTree = "<group>";
		};
/* End PBXGroup section */

/* Begin PBXNativeTarget section */
		EBBB53CC29086E46008FC99F /* Star Wars Inspo */ = {
			isa = PBXNativeTarget;
			buildConfigurationList = EBBB53DB29086E49008FC99F /* Build configuration list for PBXNativeTarget "Star Wars Inspo" */;
			buildPhases = (
				EBBB53C929086E46008FC99F /* Sources */,
				EBBB53CA29086E46008FC99F /* Frameworks */,
				EBBB53CB29086E46008FC99F /* Resources */,
			);
			buildRules = (
			);
			dependencies = (
			);
			name = "Star Wars Inspo";
			productName = "Star Wars Inspo";
			productReference = EBBB53CD29086E46008FC99F /* Star Wars Inspo.app */;
			productType = "com.apple.product-type.application";
		};
/* End PBXNativeTarget section */

/* Begin PBXProject section */
		EBBB53C529086E46008FC99F /* Project object */ = {
			isa = PBXProject;
			attributes = {
				BuildIndependentTargetsInParallel = 1;
				LastSwiftUpdateCheck = 1340;
				LastUpgradeCheck = 1340;
				TargetAttributes = {
					EBBB53CC29086E46008FC99F = {
						CreatedOnToolsVersion = 13.4.1;
					};
				};
			};
			buildConfigurationList = EBBB53C829086E46008FC99F /* Build configuration list for PBXProject "Star Wars Inspo" */;
			compatibilityVersion = "Xcode 13.0";
			developmentRegion = en;
			hasScannedForEncodings = 0;
			knownRegions = (
				en,
				Base,
			);
			mainGroup = EBBB53C429086E46008FC99F;
			productRefGroup = EBBB53CE29086E46008FC99F /* Products */;
			projectDirPath = "";
			projectRoot = "";
			targets = (
				EBBB53CC29086E46008FC99F /* Star Wars Inspo */,
			);
		};
/* End PBXProject section */

/* Begin PBXResourcesBuildPhase section */
		EBBB53CB29086E46008FC99F /* Resources */ = {
			isa = PBXResourcesBuildPhase;
			buildActionMask = 2147483647;
			files = (
				EBBB53D829086E49008FC99F /* Preview Assets.xcassets in Resources */,
				EBBB53F7290A2E5F008FC99F /* Config.xcconfig in Resources */,
				EBBB53D529086E49008FC99F /* Assets.xcassets in Resources */,
				EBBB53EF2908BE3E008FC99F /* README.md in Resources */,
				EBBB53DF29086F5F008FC99F /* Database.json in Resources */,
			);
			runOnlyForDeploymentPostprocessing = 0;
		};
/* End PBXResourcesBuildPhase section */

/* Begin PBXSourcesBuildPhase section */
		EBBB53C929086E46008FC99F /* Sources */ = {
			isa = PBXSourcesBuildPhase;
			buildActionMask = 2147483647;
			files = (
				EBBB53E329088E3F008FC99F /* SlidesModel.swift in Sources */,
				EBBB53F52909AAE2008FC99F /* imgModel.swift in Sources */,
				EBBB53EB29089ECA008FC99F /* DataManager.swift in Sources */,
				EBBB53FA290B67BF008FC99F /* SlidesViewModel.swift in Sources */,
				EBBB53F12909A5B0008FC99F /* NetworkManager.swift in Sources */,
				EBDF6087290C4EE200661036 /* URLImageModel.swift in Sources */,
				EBBB53D329086E46008FC99F /* ContentView.swift in Sources */,
				EBBB53D129086E46008FC99F /* Star_Wars_InspoApp.swift in Sources */,
			);
			runOnlyForDeploymentPostprocessing = 0;
		};
/* End PBXSourcesBuildPhase section */

/* Begin XCBuildConfiguration section */
		EBBB53D929086E49008FC99F /* Debug */ = {
			isa = XCBuildConfiguration;
			baseConfigurationReference = EBBB53F6290A2E5E008FC99F /* Config.xcconfig */;
			buildSettings = {
				ALWAYS_SEARCH_USER_PATHS = NO;
				CLANG_ANALYZER_NONNULL = YES;
				CLANG_ANALYZER_NUMBER_OBJECT_CONVERSION = YES_AGGRESSIVE;
				CLANG_CXX_LANGUAGE_STANDARD = "gnu++17";
				CLANG_ENABLE_MODULES = YES;
				CLANG_ENABLE_OBJC_ARC = YES;
				CLANG_ENABLE_OBJC_WEAK = YES;
				CLANG_WARN_BLOCK_CAPTURE_AUTORELEASING = YES;
				CLANG_WARN_BOOL_CONVERSION = YES;
				CLANG_WARN_COMMA = YES;
				CLANG_WARN_CONSTANT_CONVERSION = YES;
				CLANG_WARN_DEPRECATED_OBJC_IMPLEMENTATIONS = YES;
				CLANG_WARN_DIRECT_OBJC_ISA_USAGE = YES_ERROR;
				CLANG_WARN_DOCUMENTATION_COMMENTS = YES;
				CLANG_WARN_EMPTY_BODY = YES;
				CLANG_WARN_ENUM_CONVERSION = YES;
				CLANG_WARN_INFINITE_RECURSION = YES;
				CLANG_WARN_INT_CONVERSION = YES;
				CLANG_WARN_NON_LITERAL_NULL_CONVERSION = YES;
				CLANG_WARN_OBJC_IMPLICIT_RETAIN_SELF = YES;
				CLANG_WARN_OBJC_LITERAL_CONVERSION = YES;
				CLANG_WARN_OBJC_ROOT_CLASS = YES_ERROR;
				CLANG_WARN_QUOTED_INCLUDE_IN_FRAMEWORK_HEADER = YES;
				CLANG_WARN_RANGE_LOOP_ANALYSIS = YES;
				CLANG_WARN_STRICT_PROTOTYPES = YES;
				CLANG_WARN_SUSPICIOUS_MOVE = YES;
				CLANG_WARN_UNGUARDED_AVAILABILITY = YES_AGGRESSIVE;
				CLANG_WARN_UNREACHABLE_CODE = YES;
				CLANG_WARN__DUPLICATE_METHOD_MATCH = YES;
				COPY_PHASE_STRIP = NO;
				DEBUG_INFORMATION_FORMAT = dwarf;
				ENABLE_STRICT_OBJC_MSGSEND = YES;
				ENABLE_TESTABILITY = YES;
				GCC_C_LANGUAGE_STANDARD = gnu11;
				GCC_DYNAMIC_NO_PIC = NO;
				GCC_NO_COMMON_BLOCKS = YES;
				GCC_OPTIMIZATION_LEVEL = 0;
				GCC_PREPROCESSOR_DEFINITIONS = (
					"DEBUG=1",
					"$(inherited)",
				);
				GCC_WARN_64_TO_32_BIT_CONVERSION = YES;
				GCC_WARN_ABOUT_RETURN_TYPE = YES_ERROR;
				GCC_WARN_UNDECLARED_SELECTOR = YES;
				GCC_WARN_UNINITIALIZED_AUTOS = YES_AGGRESSIVE;
				GCC_WARN_UNUSED_FUNCTION = YES;
				GCC_WARN_UNUSED_VARIABLE = YES;
				IPHONEOS_DEPLOYMENT_TARGET = 15.5;
				MTL_ENABLE_DEBUG_INFO = INCLUDE_SOURCE;
				MTL_FAST_MATH = YES;
				NEW_SETTING = "";
				ONLY_ACTIVE_ARCH = YES;
				SDKROOT = iphoneos;
				SWIFT_ACTIVE_COMPILATION_CONDITIONS = DEBUG;
				SWIFT_OPTIMIZATION_LEVEL = "-Onone";
			};
			name = Debug;
		};
		EBBB53DA29086E49008FC99F /* Release */ = {
			isa = XCBuildConfiguration;
			baseConfigurationReference = EBBB53F6290A2E5E008FC99F /* Config.xcconfig */;
			buildSettings = {
				ALWAYS_SEARCH_USER_PATHS = NO;
				CLANG_ANALYZER_NONNULL = YES;
				CLANG_ANALYZER_NUMBER_OBJECT_CONVERSION = YES_AGGRESSIVE;
				CLANG_CXX_LANGUAGE_STANDARD = "gnu++17";
				CLANG_ENABLE_MODULES = YES;
				CLANG_ENABLE_OBJC_ARC = YES;
				CLANG_ENABLE_OBJC_WEAK = YES;
				CLANG_WARN_BLOCK_CAPTURE_AUTORELEASING = YES;
				CLANG_WARN_BOOL_CONVERSION = YES;
				CLANG_WARN_COMMA = YES;
				CLANG_WARN_CONSTANT_CONVERSION = YES;
				CLANG_WARN_DEPRECATED_OBJC_IMPLEMENTATIONS = YES;
				CLANG_WARN_DIRECT_OBJC_ISA_USAGE = YES_ERROR;
				CLANG_WARN_DOCUMENTATION_COMMENTS = YES;
				CLANG_WARN_EMPTY_BODY = YES;
				CLANG_WARN_ENUM_CONVERSION = YES;
				CLANG_WARN_INFINITE_RECURSION = YES;
				CLANG_WARN_INT_CONVERSION = YES;
				CLANG_WARN_NON_LITERAL_NULL_CONVERSION = YES;
				CLANG_WARN_OBJC_IMPLICIT_RETAIN_SELF = YES;
				CLANG_WARN_OBJC_LITERAL_CONVERSION = YES;
				CLANG_WARN_OBJC_ROOT_CLASS = YES_ERROR;
				CLANG_WARN_QUOTED_INCLUDE_IN_FRAMEWORK_HEADER = YES;
				CLANG_WARN_RANGE_LOOP_ANALYSIS = YES;
				CLANG_WARN_STRICT_PROTOTYPES = YES;
				CLANG_WARN_SUSPICIOUS_MOVE = YES;
				CLANG_WARN_UNGUARDED_AVAILABILITY = YES_AGGRESSIVE;
				CLANG_WARN_UNREACHABLE_CODE = YES;
				CLANG_WARN__DUPLICATE_METHOD_MATCH = YES;
				COPY_PHASE_STRIP = NO;
				DEBUG_INFORMATION_FORMAT = "dwarf-with-dsym";
				ENABLE_NS_ASSERTIONS = NO;
				ENABLE_STRICT_OBJC_MSGSEND = YES;
				GCC_C_LANGUAGE_STANDARD = gnu11;
				GCC_NO_COMMON_BLOCKS = YES;
				GCC_WARN_64_TO_32_BIT_CONVERSION = YES;
				GCC_WARN_ABOUT_RETURN_TYPE = YES_ERROR;
				GCC_WARN_UNDECLARED_SELECTOR = YES;
				GCC_WARN_UNINITIALIZED_AUTOS = YES_AGGRESSIVE;
				GCC_WARN_UNUSED_FUNCTION = YES;
				GCC_WARN_UNUSED_VARIABLE = YES;
				IPHONEOS_DEPLOYMENT_TARGET = 15.5;
				MTL_ENABLE_DEBUG_INFO = NO;
				MTL_FAST_MATH = YES;
				NEW_SETTING = "";
				SDKROOT = iphoneos;
				SWIFT_COMPILATION_MODE = wholemodule;
				SWIFT_OPTIMIZATION_LEVEL = "-O";
				VALIDATE_PRODUCT = YES;
			};
			name = Release;
		};
		EBBB53DC29086E49008FC99F /* Debug */ = {
			isa = XCBuildConfiguration;
			buildSettings = {
				ASSETCATALOG_COMPILER_APPICON_NAME = AppIcon;
				ASSETCATALOG_COMPILER_GLOBAL_ACCENT_COLOR_NAME = AccentColor;
				CODE_SIGN_STYLE = Automatic;
				CURRENT_PROJECT_VERSION = 1;
				DEVELOPMENT_ASSET_PATHS = "\"Star Wars Inspo/Preview Content\"";
				DEVELOPMENT_TEAM = 294AAF9P9D;
				ENABLE_PREVIEWS = YES;
				GENERATE_INFOPLIST_FILE = YES;
				INFOPLIST_FILE = "Star-Wars-Inspo-Info.plist";
				INFOPLIST_KEY_UIApplicationSceneManifest_Generation = YES;
				INFOPLIST_KEY_UIApplicationSupportsIndirectInputEvents = YES;
				INFOPLIST_KEY_UILaunchScreen_Generation = YES;
				INFOPLIST_KEY_UISupportedInterfaceOrientations_iPad = "UIInterfaceOrientationPortrait UIInterfaceOrientationPortraitUpsideDown UIInterfaceOrientationLandscapeLeft UIInterfaceOrientationLandscapeRight";
				INFOPLIST_KEY_UISupportedInterfaceOrientations_iPhone = "UIInterfaceOrientationPortrait UIInterfaceOrientationLandscapeLeft UIInterfaceOrientationLandscapeRight";
				LD_RUNPATH_SEARCH_PATHS = (
					"$(inherited)",
					"@executable_path/Frameworks",
				);
				MARKETING_VERSION = 1.0;
				NEW_SETTING1 = "";
				PRODUCT_BUNDLE_IDENTIFIER = "starryfields.com.Star-Wars-Inspo";
				PRODUCT_NAME = "$(TARGET_NAME)";
				SWIFT_EMIT_LOC_STRINGS = YES;
				SWIFT_VERSION = 5.0;
				TARGETED_DEVICE_FAMILY = "1,2";
			};
			name = Debug;
		};
		EBBB53DD29086E49008FC99F /* Release */ = {
			isa = XCBuildConfiguration;
			buildSettings = {
				ASSETCATALOG_COMPILER_APPICON_NAME = AppIcon;
				ASSETCATALOG_COMPILER_GLOBAL_ACCENT_COLOR_NAME = AccentColor;
				CODE_SIGN_STYLE = Automatic;
				CURRENT_PROJECT_VERSION = 1;
				DEVELOPMENT_ASSET_PATHS = "\"Star Wars Inspo/Preview Content\"";
				DEVELOPMENT_TEAM = 294AAF9P9D;
				ENABLE_PREVIEWS = YES;
				GENERATE_INFOPLIST_FILE = YES;
				INFOPLIST_FILE = "Star-Wars-Inspo-Info.plist";
				INFOPLIST_KEY_UIApplicationSceneManifest_Generation = YES;
				INFOPLIST_KEY_UIApplicationSupportsIndirectInputEvents = YES;
				INFOPLIST_KEY_UILaunchScreen_Generation = YES;
				INFOPLIST_KEY_UISupportedInterfaceOrientations_iPad = "UIInterfaceOrientationPortrait UIInterfaceOrientationPortraitUpsideDown UIInterfaceOrientationLandscapeLeft UIInterfaceOrientationLandscapeRight";
				INFOPLIST_KEY_UISupportedInterfaceOrientations_iPhone = "UIInterfaceOrientationPortrait UIInterfaceOrientationLandscapeLeft UIInterfaceOrientationLandscapeRight";
				LD_RUNPATH_SEARCH_PATHS = (
					"$(inherited)",
					"@executable_path/Frameworks",
				);
				MARKETING_VERSION = 1.0;
				NEW_SETTING1 = "";
				PRODUCT_BUNDLE_IDENTIFIER = "starryfields.com.Star-Wars-Inspo";
				PRODUCT_NAME = "$(TARGET_NAME)";
				SWIFT_EMIT_LOC_STRINGS = YES;
				SWIFT_VERSION = 5.0;
				TARGETED_DEVICE_FAMILY = "1,2";
			};
			name = Release;
		};
/* End XCBuildConfiguration section */

/* Begin XCConfigurationList section */
		EBBB53C829086E46008FC99F /* Build configuration list for PBXProject "Star Wars Inspo" */ = {
			isa = XCConfigurationList;
			buildConfigurations = (
				EBBB53D929086E49008FC99F /* Debug */,
				EBBB53DA29086E49008FC99F /* Release */,
			);
			defaultConfigurationIsVisible = 0;
			defaultConfigurationName = Release;
		};
		EBBB53DB29086E49008FC99F /* Build configuration list for PBXNativeTarget "Star Wars Inspo" */ = {
			isa = XCConfigurationList;
			buildConfigurations = (
				EBBB53DC29086E49008FC99F /* Debug */,
				EBBB53DD29086E49008FC99F /* Release */,
			);
			defaultConfigurationIsVisible = 0;
			defaultConfigurationName = Release;
		};
/* End XCConfigurationList section */
	};
	rootObject = EBBB53C529086E46008FC99F /* Project object */;
}
